{
	"name": "@aurelia-ej2-bridge/base",
	"version": "0.0.2-alpha.5",
	"lockfileVersion": 1,
	"requires": true,
	"dependencies": {
		"@syncfusion/ej2-base": {
			"version": "17.4.51",
			"resolved": "https://registry.npmjs.org/@syncfusion/ej2-base/-/ej2-base-17.4.51.tgz",
			"integrity": "sha512-3o+qOEAD26cgotyBOUjW8VQB9TqQl3v2bYHlBAIhkTBJXHMY//vMcY63MwlY7UaqyWFiCHtG0Oov4rH8QQRSGg==",
			"requires": {
				"@syncfusion/ej2-icons": "~17.4.51"
			}
		},
		"@syncfusion/ej2-icons": {
			"version": "17.4.51",
			"resolved": "https://registry.npmjs.org/@syncfusion/ej2-icons/-/ej2-icons-17.4.51.tgz",
			"integrity": "sha512-pBXyKHKaV1ysj4QL1CywOrKRptw3bv/NKmIggkIaWjRGSbya8K6w1XBxrIkJFU7medaKKwNEApsanTvA2rMapw=="
		}
	}
}
